// !$*UTF8*$!
{
	archiveVersion = 1;
	classes = {
	};
	objectVersion = 77;
	objects = {

/* Begin PBXBuildFile section */
		C36B88912E07C64600EB5FF5 /* generateVotes.py in Resources */ = {isa = PBXBuildFile; fileRef = C36B88902E07C64600EB5FF5 /* generateVotes.py */; };
/* End PBXBuildFile section */

/* Begin PBXContainerItemProxy section */
		C36B875D2E0773D600EB5FF5 /* PBXContainerItemProxy */ = {
			isa = PBXContainerItemProxy;
			containerPortal = C36B87452E0773D500EB5FF5 /* Project object */;
			proxyType = 1;
			remoteGlobalIDString = C36B874C2E0773D500EB5FF5;
			remoteInfo = InShort;
		};
		C36B87672E0773D700EB5FF5 /* PBXContainerItemProxy */ = {
			isa = PBXContainerItemProxy;
			containerPortal = C36B87452E0773D500EB5FF5 /* Project object */;
			proxyType = 1;
			remoteGlobalIDString = C36B874C2E0773D500EB5FF5;
			remoteInfo = InShort;
		};
/* End PBXContainerItemProxy section */

/* Begin PBXFileReference section */
		C36B874D2E0773D500EB5FF5 /* InShort.app */ = {isa = PBXFileReference; explicitFileType = wrapper.application; includeInIndex = 0; path = InShort.app; sourceTree = BUILT_PRODUCTS_DIR; };
		C36B875C2E0773D600EB5FF5 /* InShortTests.xctest */ = {isa = PBXFileReference; explicitFileType = wrapper.cfbundle; includeInIndex = 0; path = InShortTests.xctest; sourceTree = BUILT_PRODUCTS_DIR; };
		C36B87662E0773D700EB5FF5 /* InShortUITests.xctest */ = {isa = PBXFileReference; explicitFileType = wrapper.cfbundle; includeInIndex = 0; path = InShortUITests.xctest; sourceTree = BUILT_PRODUCTS_DIR; };
		C36B88902E07C64600EB5FF5 /* generateVotes.py */ = {isa = PBXFileReference; lastKnownFileType = text.script.python; path = generateVotes.py; sourceTree = "<group>"; };
/* End PBXFileReference section */

/* Begin PBXFileSystemSynchronizedBuildFileExceptionSet section */
		C34BE4432E080AB600C1832C /* Exceptions for "InShort" folder in "InShort" target */ = {
			isa = PBXFileSystemSynchronizedBuildFileExceptionSet;
			target = C36B874C2E0773D500EB5FF5 /* InShort */;
		};
/* End PBXFileSystemSynchronizedBuildFileExceptionSet section */

/* Begin PBXFileSystemSynchronizedGroupBuildPhaseMembershipExceptionSet section */
		C34BE4442E080AB600C1832C /* Exceptions for "InShort" folder in "Copy Bundle Resources" phase from "InShort" target */ = {
			isa = PBXFileSystemSynchronizedGroupBuildPhaseMembershipExceptionSet;
			buildPhase = C36B874B2E0773D500EB5FF5 /* Resources */;
		};
/* End PBXFileSystemSynchronizedGroupBuildPhaseMembershipExceptionSet section */

/* Begin PBXFileSystemSynchronizedRootGroup section */
		C36B874F2E0773D500EB5FF5 /* InShort */ = {
			isa = PBXFileSystemSynchronizedRootGroup;
			exceptions = (
				C34BE4432E080AB600C1832C /* Exceptions for "InShort" folder in "InShort" target */,
				C34BE4442E080AB600C1832C /* Exceptions for "InShort" folder in "Copy Bundle Resources" phase from "InShort" target */,
			);
			path = InShort;
			sourceTree = "<group>";
		};
		C36B875F2E0773D600EB5FF5 /* InShortTests */ = {
			isa = PBXFileSystemSynchronizedRootGroup;
			path = InShortTests;
			sourceTree = "<group>";
		};
		C36B87692E0773D700EB5FF5 /* InShortUITests */ = {
			isa = PBXFileSystemSynchronizedRootGroup;
			path = InShortUITests;
			sourceTree = "<group>";
		};
/* End PBXFileSystemSynchronizedRootGroup section */

/* Begin PBXFrameworksBuildPhase section */
		C36B874A2E0773D500EB5FF5 /* Frameworks */ = {
			isa = PBXFrameworksBuildPhase;
			buildActionMask = 2147483647;
			files = (
			);
			runOnlyForDeploymentPostprocessing = 0;
		};
		C36B87592E0773D600EB5FF5 /* Frameworks */ = {
			isa = PBXFrameworksBuildPhase;
			buildActionMask = 2147483647;
			files = (
			);
			runOnlyForDeploymentPostprocessing = 0;
		};
		C36B87632E0773D700EB5FF5 /* Frameworks */ = {
			isa = PBXFrameworksBuildPhase;
			buildActionMask = 2147483647;
			files = (
			);
			runOnlyForDeploymentPostprocessing = 0;
		};
/* End PBXFrameworksBuildPhase section */

/* Begin PBXGroup section */
		C36B87442E0773D500EB5FF5 = {
			isa = PBXGroup;
			children = (
				C36B88902E07C64600EB5FF5 /* generateVotes.py */,
				C36B874F2E0773D500EB5FF5 /* InShort */,
				C36B875F2E0773D600EB5FF5 /* InShortTests */,
				C36B87692E0773D700EB5FF5 /* InShortUITests */,
				C36B874E2E0773D500EB5FF5 /* Products */,
			);
			sourceTree = "<group>";
		};
		C36B874E2E0773D500EB5FF5 /* Products */ = {
			isa = PBXGroup;
			children = (
				C36B874D2E0773D500EB5FF5 /* InShort.app */,
				C36B875C2E0773D600EB5FF5 /* InShortTests.xctest */,
				C36B87662E0773D700EB5FF5 /* InShortUITests.xctest */,
			);
			name = Products;
			sourceTree = "<group>";
		};
/* End PBXGroup section */

/* Begin PBXNativeTarget section */
		C36B874C2E0773D500EB5FF5 /* InShort */ = {
			isa = PBXNativeTarget;
			buildConfigurationList = C36B87702E0773D700EB5FF5 /* Build configuration list for PBXNativeTarget "InShort" */;
			buildPhases = (
				C36B87492E0773D500EB5FF5 /* Sources */,
				C36B874A2E0773D500EB5FF5 /* Frameworks */,
				C36B874B2E0773D500EB5FF5 /* Resources */,
			);
			buildRules = (
			);
			dependencies = (
			);
			fileSystemSynchronizedGroups = (
				C36B874F2E0773D500EB5FF5 /* InShort */,
			);
			name = InShort;
			packageProductDependencies = (
			);
			productName = InShort;
			productReference = C36B874D2E0773D500EB5FF5 /* InShort.app */;
			productType = "com.apple.product-type.application";
		};
		C36B875B2E0773D600EB5FF5 /* InShortTests */ = {
			isa = PBXNativeTarget;
			buildConfigurationList = C36B87732E0773D700EB5FF5 /* Build configuration list for PBXNativeTarget "InShortTests" */;
			buildPhases = (
				C36B87582E0773D600EB5FF5 /* Sources */,
				C36B87592E0773D600EB5FF5 /* Frameworks */,
				C36B875A2E0773D600EB5FF5 /* Resources */,
			);
			buildRules = (
			);
			dependencies = (
				C36B875E2E0773D600EB5FF5 /* PBXTargetDependency */,
			);
			fileSystemSynchronizedGroups = (
				C36B875F2E0773D600EB5FF5 /* InShortTests */,
			);
			name = InShortTests;
			packageProductDependencies = (
			);
			productName = InShortTests;
			productReference = C36B875C2E0773D600EB5FF5 /* InShortTests.xctest */;
			productType = "com.apple.product-type.bundle.unit-test";
		};
		C36B87652E0773D700EB5FF5 /* InShortUITests */ = {
			isa = PBXNativeTarget;
			buildConfigurationList = C36B87762E0773D700EB5FF5 /* Build configuration list for PBXNativeTarget "InShortUITests" */;
			buildPhases = (
				C36B87622E0773D700EB5FF5 /* Sources */,
				C36B87632E0773D700EB5FF5 /* Frameworks */,
				C36B87642E0773D700EB5FF5 /* Resources */,
			);
			buildRules = (
			);
			dependencies = (
				C36B87682E0773D700EB5FF5 /* PBXTargetDependency */,
			);
			fileSystemSynchronizedGroups = (
				C36B87692E0773D700EB5FF5 /* InShortUITests */,
			);
			name = InShortUITests;
			packageProductDependencies = (
			);
			productName = InShortUITests;
			productReference = C36B87662E0773D700EB5FF5 /* InShortUITests.xctest */;
			productType = "com.apple.product-type.bundle.ui-testing";
		};
/* End PBXNativeTarget section */

/* Begin PBXProject section */
		C36B87452E0773D500EB5FF5 /* Project object */ = {
			isa = PBXProject;
			attributes = {
				BuildIndependentTargetsInParallel = 1;
				LastSwiftUpdateCheck = 1640;
				LastUpgradeCheck = 1640;
				TargetAttributes = {
					C36B874C2E0773D500EB5FF5 = {
						CreatedOnToolsVersion = 16.4;
					};
					C36B875B2E0773D600EB5FF5 = {
						CreatedOnToolsVersion = 16.4;
						TestTargetID = C36B874C2E0773D500EB5FF5;
					};
					C36B87652E0773D700EB5FF5 = {
						CreatedOnToolsVersion = 16.4;
						TestTargetID = C36B874C2E0773D500EB5FF5;
					};
				};
			};
			buildConfigurationList = C36B87482E0773D500EB5FF5 /* Build configuration list for PBXProject "InShort" */;
			developmentRegion = en;
			hasScannedForEncodings = 0;
			knownRegions = (
				en,
				Base,
			);
			mainGroup = C36B87442E0773D500EB5FF5;
			minimizedProjectReferenceProxies = 1;
			preferredProjectObjectVersion = 77;
			productRefGroup = C36B874E2E0773D500EB5FF5 /* Products */;
			projectDirPath = "";
			projectRoot = "";
			targets = (
				C36B874C2E0773D500EB5FF5 /* InShort */,
				C36B875B2E0773D600EB5FF5 /* InShortTests */,
				C36B87652E0773D700EB5FF5 /* InShortUITests */,
			);
		};
/* End PBXProject section */

/* Begin PBXResourcesBuildPhase section */
		C36B874B2E0773D500EB5FF5 /* Resources */ = {
			isa = PBXResourcesBuildPhase;
			buildActionMask = 2147483647;
			files = (
				C36B88912E07C64600EB5FF5 /* generateVotes.py in Resources */,
			);
			runOnlyForDeploymentPostprocessing = 0;
		};
		C36B875A2E0773D600EB5FF5 /* Resources */ = {
			isa = PBXResourcesBuildPhase;
			buildActionMask = 2147483647;
			files = (
			);
			runOnlyForDeploymentPostprocessing = 0;
		};
		C36B87642E0773D700EB5FF5 /* Resources */ = {
			isa = PBXResourcesBuildPhase;
			buildActionMask = 2147483647;
			files = (
			);
			runOnlyForDeploymentPostprocessing = 0;
		};
/* End PBXResourcesBuildPhase section */

/* Begin PBXSourcesBuildPhase section */
		C36B87492E0773D500EB5FF5 /* Sources */ = {
			isa = PBXSourcesBuildPhase;
			buildActionMask = 2147483647;
			files = (
			);
			runOnlyForDeploymentPostprocessing = 0;
		};
		C36B87582E0773D600EB5FF5 /* Sources */ = {
			isa = PBXSourcesBuildPhase;
			buildActionMask = 2147483647;
			files = (
			);
			runOnlyForDeploymentPostprocessing = 0;
		};
		C36B87622E0773D700EB5FF5 /* Sources */ = {
			isa = PBXSourcesBuildPhase;
			buildActionMask = 2147483647;
			files = (
			);
			runOnlyForDeploymentPostprocessing = 0;
		};
/* End PBXSourcesBuildPhase section */

/* Begin PBXTargetDependency section */
		C36B875E2E0773D600EB5FF5 /* PBXTargetDependency */ = {
			isa = PBXTargetDependency;
			target = C36B874C2E0773D500EB5FF5 /* InShort */;
			targetProxy = C36B875D2E0773D600EB5FF5 /* PBXContainerItemProxy */;
		};
		C36B87682E0773D700EB5FF5 /* PBXTargetDependency */ = {
			isa = PBXTargetDependency;
			target = C36B874C2E0773D500EB5FF5 /* InShort */;
			targetProxy = C36B87672E0773D700EB5FF5 /* PBXContainerItemProxy */;
		};
/* End PBXTargetDependency section */

/* Begin XCBuildConfiguration section */
		C36B876E2E0773D700EB5FF5 /* Debug */ = {
			isa = XCBuildConfiguration;
			buildSettings = {
				ALWAYS_SEARCH_USER_PATHS = NO;
				ASSETCATALOG_COMPILER_GENERATE_SWIFT_ASSET_SYMBOL_EXTENSIONS = YES;
				CLANG_ANALYZER_NONNULL = YES;
				CLANG_ANALYZER_NUMBER_OBJECT_CONVERSION = YES_AGGRESSIVE;
				CLANG_CXX_LANGUAGE_STANDARD = "gnu++20";
				CLANG_ENABLE_MODULES = YES;
				CLANG_ENABLE_OBJC_ARC = YES;
				CLANG_ENABLE_OBJC_WEAK = YES;
				CLANG_WARN_BLOCK_CAPTURE_AUTORELEASING = YES;
				CLANG_WARN_BOOL_CONVERSION = YES;
				CLANG_WARN_COMMA = YES;
				CLANG_WARN_CONSTANT_CONVERSION = YES;
				CLANG_WARN_DEPRECATED_OBJC_IMPLEMENTATIONS = YES;
				CLANG_WARN_DIRECT_OBJC_ISA_USAGE = YES_ERROR;
				CLANG_WARN_DOCUMENTATION_COMMENTS = YES;
				CLANG_WARN_EMPTY_BODY = YES;
				CLANG_WARN_ENUM_CONVERSION = YES;
				CLANG_WARN_INFINITE_RECURSION = YES;
				CLANG_WARN_INT_CONVERSION = YES;
				CLANG_WARN_NON_LITERAL_NULL_CONVERSION = YES;
				CLANG_WARN_OBJC_IMPLICIT_RETAIN_SELF = YES;
				CLANG_WARN_OBJC_LITERAL_CONVERSION = YES;
				CLANG_WARN_OBJC_ROOT_CLASS = YES_ERROR;
				CLANG_WARN_QUOTED_INCLUDE_IN_FRAMEWORK_HEADER = YES;
				CLANG_WARN_RANGE_LOOP_ANALYSIS = YES;
				CLANG_WARN_STRICT_PROTOTYPES = YES;
				CLANG_WARN_SUSPICIOUS_MOVE = YES;
				CLANG_WARN_UNGUARDED_AVAILABILITY = YES_AGGRESSIVE;
				CLANG_WARN_UNREACHABLE_CODE = YES;
				CLANG_WARN__DUPLICATE_METHOD_MATCH = YES;
				COPY_PHASE_STRIP = NO;
				DEBUG_INFORMATION_FORMAT = dwarf;
				DEVELOPMENT_TEAM = 28UBV94VGS;
				ENABLE_STRICT_OBJC_MSGSEND = YES;
				ENABLE_TESTABILITY = YES;
				ENABLE_USER_SCRIPT_SANDBOXING = YES;
				GCC_C_LANGUAGE_STANDARD = gnu17;
				GCC_DYNAMIC_NO_PIC = NO;
				GCC_NO_COMMON_BLOCKS = YES;
				GCC_OPTIMIZATION_LEVEL = 0;
				GCC_PREPROCESSOR_DEFINITIONS = (
					"DEBUG=1",
					"$(inherited)",
				);
				GCC_WARN_64_TO_32_BIT_CONVERSION = YES;
				GCC_WARN_ABOUT_RETURN_TYPE = YES_ERROR;
				GCC_WARN_UNDECLARED_SELECTOR = YES;
				GCC_WARN_UNINITIALIZED_AUTOS = YES_AGGRESSIVE;
				GCC_WARN_UNUSED_FUNCTION = YES;
				GCC_WARN_UNUSED_VARIABLE = YES;
				IPHONEOS_DEPLOYMENT_TARGET = 18.5;
				LOCALIZATION_PREFERS_STRING_CATALOGS = YES;
				MTL_ENABLE_DEBUG_INFO = INCLUDE_SOURCE;
				MTL_FAST_MATH = YES;
				ONLY_ACTIVE_ARCH = YES;
				SDKROOT = iphoneos;
				SWIFT_ACTIVE_COMPILATION_CONDITIONS = "DEBUG $(inherited)";
				SWIFT_OPTIMIZATION_LEVEL = "-Onone";
			};
			name = Debug;
		};
		C36B876F2E0773D700EB5FF5 /* Release */ = {
			isa = XCBuildConfiguration;
			buildSettings = {
				ALWAYS_SEARCH_USER_PATHS = NO;
				ASSETCATALOG_COMPILER_GENERATE_SWIFT_ASSET_SYMBOL_EXTENSIONS = YES;
				CLANG_ANALYZER_NONNULL = YES;
				CLANG_ANALYZER_NUMBER_OBJECT_CONVERSION = YES_AGGRESSIVE;
				CLANG_CXX_LANGUAGE_STANDARD = "gnu++20";
				CLANG_ENABLE_MODULES = YES;
				CLANG_ENABLE_OBJC_ARC = YES;
				CLANG_ENABLE_OBJC_WEAK = YES;
				CLANG_WARN_BLOCK_CAPTURE_AUTORELEASING = YES;
				CLANG_WARN_BOOL_CONVERSION = YES;
				CLANG_WARN_COMMA = YES;
				CLANG_WARN_CONSTANT_CONVERSION = YES;
				CLANG_WARN_DEPRECATED_OBJC_IMPLEMENTATIONS = YES;
				CLANG_WARN_DIRECT_OBJC_ISA_USAGE = YES_ERROR;
				CLANG_WARN_DOCUMENTATION_COMMENTS = YES;
				CLANG_WARN_EMPTY_BODY = YES;
				CLANG_WARN_ENUM_CONVERSION = YES;
				CLANG_WARN_INFINITE_RECURSION = YES;
				CLANG_WARN_INT_CONVERSION = YES;
				CLANG_WARN_NON_LITERAL_NULL_CONVERSION = YES;
				CLANG_WARN_OBJC_IMPLICIT_RETAIN_SELF = YES;
				CLANG_WARN_OBJC_LITERAL_CONVERSION = YES;
				CLANG_WARN_OBJC_ROOT_CLASS = YES_ERROR;
				CLANG_WARN_QUOTED_INCLUDE_IN_FRAMEWORK_HEADER = YES;
				CLANG_WARN_RANGE_LOOP_ANALYSIS = YES;
				CLANG_WARN_STRICT_PROTOTYPES = YES;
				CLANG_WARN_SUSPICIOUS_MOVE = YES;
				CLANG_WARN_UNGUARDED_AVAILABILITY = YES_AGGRESSIVE;
				CLANG_WARN_UNREACHABLE_CODE = YES;
				CLANG_WARN__DUPLICATE_METHOD_MATCH = YES;
				COPY_PHASE_STRIP = NO;
				DEBUG_INFORMATION_FORMAT = "dwarf-with-dsym";
				DEVELOPMENT_TEAM = 28UBV94VGS;
				ENABLE_NS_ASSERTIONS = NO;
				ENABLE_STRICT_OBJC_MSGSEND = YES;
				ENABLE_USER_SCRIPT_SANDBOXING = YES;
				GCC_C_LANGUAGE_STANDARD = gnu17;
				GCC_NO_COMMON_BLOCKS = YES;
				GCC_WARN_64_TO_32_BIT_CONVERSION = YES;
				GCC_WARN_ABOUT_RETURN_TYPE = YES_ERROR;
				GCC_WARN_UNDECLARED_SELECTOR = YES;
				GCC_WARN_UNINITIALIZED_AUTOS = YES_AGGRESSIVE;
				GCC_WARN_UNUSED_FUNCTION = YES;
				GCC_WARN_UNUSED_VARIABLE = YES;
				IPHONEOS_DEPLOYMENT_TARGET = 18.5;
				LOCALIZATION_PREFERS_STRING_CATALOGS = YES;
				MTL_ENABLE_DEBUG_INFO = NO;
				MTL_FAST_MATH = YES;
				SDKROOT = iphoneos;
				SWIFT_COMPILATION_MODE = wholemodule;
				VALIDATE_PRODUCT = YES;
			};
			name = Release;
		};
		C36B87712E0773D700EB5FF5 /* Debug */ = {
			isa = XCBuildConfiguration;
			buildSettings = {
				ASSETCATALOG_COMPILER_APPICON_NAME = AppIcon;
				ASSETCATALOG_COMPILER_GLOBAL_ACCENT_COLOR_NAME = AccentColor;
				CODE_SIGN_STYLE = Automatic;
				CURRENT_PROJECT_VERSION = 1;
				DEVELOPMENT_TEAM = 28UBV94VGS;
				ENABLE_PREVIEWS = YES;
				GENERATE_INFOPLIST_FILE = YES;
				INFOPLIST_KEY_RECOMMENDATIONS_API_URL = "$(RECOMMENDATIONS_API_URL)";
				INFOPLIST_KEY_UIApplicationSceneManifest_Generation = YES;
				INFOPLIST_KEY_UIApplicationSupportsIndirectInputEvents = YES;
				INFOPLIST_KEY_UILaunchScreen_Generation = YES;
				INFOPLIST_KEY_UISupportedInterfaceOrientations_iPad = "UIInterfaceOrientationPortrait UIInterfaceOrientationPortraitUpsideDown UIInterfaceOrientationLandscapeLeft UIInterfaceOrientationLandscapeRight";
				INFOPLIST_KEY_UISupportedInterfaceOrientations_iPhone = "UIInterfaceOrientationPortrait UIInterfaceOrientationLandscapeLeft UIInterfaceOrientationLandscapeRight";
				IPHONEOS_DEPLOYMENT_TARGET = 18.0;
				LD_RUNPATH_SEARCH_PATHS = (
					"$(inherited)",
					"@executable_path/Frameworks",
				);
				MARKETING_VERSION = 1.0;
				PRODUCT_BUNDLE_IDENTIFIER = com.sid.InShort;
				PRODUCT_NAME = "$(TARGET_NAME)";
				SWIFT_EMIT_LOC_STRINGS = YES;
				SWIFT_VERSION = 5.0;
				TARGETED_DEVICE_FAMILY = "1,2";
			};
			name = Debug;
		};
		C36B87722E0773D700EB5FF5 /* Release */ = {
			isa = XCBuildConfiguration;
			buildSettings = {
				ASSETCATALOG_COMPILER_APPICON_NAME = AppIcon;
				ASSETCATALOG_COMPILER_GLOBAL_ACCENT_COLOR_NAME = AccentColor;
				CODE_SIGN_STYLE = Automatic;
				CURRENT_PROJECT_VERSION = 1;
				DEVELOPMENT_TEAM = 28UBV94VGS;
				ENABLE_PREVIEWS = YES;
				GENERATE_INFOPLIST_FILE = YES;
				INFOPLIST_KEY_RECOMMENDATIONS_API_URL = "$(RECOMMENDATIONS_API_URL)";
				INFOPLIST_KEY_UIApplicationSceneManifest_Generation = YES;
				INFOPLIST_KEY_UIApplicationSupportsIndirectInputEvents = YES;
				INFOPLIST_KEY_UILaunchScreen_Generation = YES;
				INFOPLIST_KEY_UISupportedInterfaceOrientations_iPad = "UIInterfaceOrientationPortrait UIInterfaceOrientationPortraitUpsideDown UIInterfaceOrientationLandscapeLeft UIInterfaceOrientationLandscapeRight";
				INFOPLIST_KEY_UISupportedInterfaceOrientations_iPhone = "UIInterfaceOrientationPortrait UIInterfaceOrientationLandscapeLeft UIInterfaceOrientationLandscapeRight";
				IPHONEOS_DEPLOYMENT_TARGET = 18.0;
				LD_RUNPATH_SEARCH_PATHS = (
					"$(inherited)",
					"@executable_path/Frameworks",
				);
				MARKETING_VERSION = 1.0;
				PRODUCT_BUNDLE_IDENTIFIER = com.sid.InShort;
				PRODUCT_NAME = "$(TARGET_NAME)";
				SWIFT_EMIT_LOC_STRINGS = YES;
				SWIFT_VERSION = 5.0;
				TARGETED_DEVICE_FAMILY = "1,2";
			};
			name = Release;
		};
		C36B87742E0773D700EB5FF5 /* Debug */ = {
			isa = XCBuildConfiguration;
			buildSettings = {
				BUNDLE_LOADER = "$(TEST_HOST)";
				CODE_SIGN_STYLE = Automatic;
				CURRENT_PROJECT_VERSION = 1;
				DEVELOPMENT_TEAM = 28UBV94VGS;
				GENERATE_INFOPLIST_FILE = YES;
				IPHONEOS_DEPLOYMENT_TARGET = 18.5;
				MARKETING_VERSION = 1.0;
				PRODUCT_BUNDLE_IDENTIFIER = com.ted.InShortTests;
				PRODUCT_NAME = "$(TARGET_NAME)";
				SWIFT_EMIT_LOC_STRINGS = NO;
				SWIFT_VERSION = 5.0;
				TARGETED_DEVICE_FAMILY = "1,2";
				TEST_HOST = "$(BUILT_PRODUCTS_DIR)/InShort.app/$(BUNDLE_EXECUTABLE_FOLDER_PATH)/InShort";
			};
			name = Debug;
		};
		C36B87752E0773D700EB5FF5 /* Release */ = {
			isa = XCBuildConfiguration;
			buildSettings = {
				BUNDLE_LOADER = "$(TEST_HOST)";
				CODE_SIGN_STYLE = Automatic;
				CURRENT_PROJECT_VERSION = 1;
				DEVELOPMENT_TEAM = 28UBV94VGS;
				GENERATE_INFOPLIST_FILE = YES;
				IPHONEOS_DEPLOYMENT_TARGET = 18.5;
				MARKETING_VERSION = 1.0;
				PRODUCT_BUNDLE_IDENTIFIER = com.ted.InShortTests;
				PRODUCT_NAME = "$(TARGET_NAME)";
				SWIFT_EMIT_LOC_STRINGS = NO;
				SWIFT_VERSION = 5.0;
				TARGETED_DEVICE_FAMILY = "1,2";
				TEST_HOST = "$(BUILT_PRODUCTS_DIR)/InShort.app/$(BUNDLE_EXECUTABLE_FOLDER_PATH)/InShort";
			};
			name = Release;
		};
		C36B87772E0773D700EB5FF5 /* Debug */ = {
			isa = XCBuildConfiguration;
			buildSettings = {
				CODE_SIGN_STYLE = Automatic;
				CURRENT_PROJECT_VERSION = 1;
				DEVELOPMENT_TEAM = 28UBV94VGS;
				GENERATE_INFOPLIST_FILE = YES;
				MARKETING_VERSION = 1.0;
				PRODUCT_BUNDLE_IDENTIFIER = com.ted.InShortUITests;
				PRODUCT_NAME = "$(TARGET_NAME)";
				SWIFT_EMIT_LOC_STRINGS = NO;
				SWIFT_VERSION = 5.0;
				TARGETED_DEVICE_FAMILY = "1,2";
				TEST_TARGET_NAME = InShort;
			};
			name = Debug;
		};
		C36B87782E0773D700EB5FF5 /* Release */ = {
			isa = XCBuildConfiguration;
			buildSettings = {
				CODE_SIGN_STYLE = Automatic;
				CURRENT_PROJECT_VERSION = 1;
				DEVELOPMENT_TEAM = 28UBV94VGS;
				GENERATE_INFOPLIST_FILE = YES;
				MARKETING_VERSION = 1.0;
				PRODUCT_BUNDLE_IDENTIFIER = com.ted.InShortUITests;
				PRODUCT_NAME = "$(TARGET_NAME)";
				SWIFT_EMIT_LOC_STRINGS = NO;
				SWIFT_VERSION = 5.0;
				TARGETED_DEVICE_FAMILY = "1,2";
				TEST_TARGET_NAME = InShort;
			};
			name = Release;
		};
/* End XCBuildConfiguration section */

/* Begin XCConfigurationList section */
		C36B87482E0773D500EB5FF5 /* Build configuration list for PBXProject "InShort" */ = {
			isa = XCConfigurationList;
			buildConfigurations = (
				C36B876E2E0773D700EB5FF5 /* Debug */,
				C36B876F2E0773D700EB5FF5 /* Release */,
			);
			defaultConfigurationIsVisible = 0;
			defaultConfigurationName = Release;
		};
		C36B87702E0773D700EB5FF5 /* Build configuration list for PBXNativeTarget "InShort" */ = {
			isa = XCConfigurationList;
			buildConfigurations = (
				C36B87712E0773D700EB5FF5 /* Debug */,
				C36B87722E0773D700EB5FF5 /* Release */,
			);
			defaultConfigurationIsVisible = 0;
			defaultConfigurationName = Release;
		};
		C36B87732E0773D700EB5FF5 /* Build configuration list for PBXNativeTarget "InShortTests" */ = {
			isa = XCConfigurationList;
			buildConfigurations = (
				C36B87742E0773D700EB5FF5 /* Debug */,
				C36B87752E0773D700EB5FF5 /* Release */,
			);
			defaultConfigurationIsVisible = 0;
			defaultConfigurationName = Release;
		};
		C36B87762E0773D700EB5FF5 /* Build configuration list for PBXNativeTarget "InShortUITests" */ = {
			isa = XCConfigurationList;
			buildConfigurations = (
				C36B87772E0773D700EB5FF5 /* Debug */,
				C36B87782E0773D700EB5FF5 /* Release */,
			);
			defaultConfigurationIsVisible = 0;
			defaultConfigurationName = Release;
		};
/* End XCConfigurationList section */
	};
	rootObject = C36B87452E0773D500EB5FF5 /* Project object */;
}
